
Microsoft Visual Studio Solution File, Format Version 12.00
# Visual Studio Version 17
VisualStudioVersion = 17.11.35312.102
MinimumVisualStudioVersion = 10.0.40219.1
Project("{FAE04EC0-301F-11D3-BF4B-00C04F79EFBC}") = "PursePal", "PursePal\PursePal.csproj", "{3F249BAC-F807-4A44-97D2-FB93C79EAF3A}"
EndProject
Global
	GlobalSection(SolutionConfigurationPlatforms) = preSolution
		Debug|Any CPU = Debug|Any CPU
		Release|Any CPU = Release|Any CPU
	EndGlobalSection
	GlobalSection(ProjectConfigurationPlatforms) = postSolution
		{3F249BAC-F807-4A44-97D2-FB93C79EAF3A}.Debug|Any CPU.ActiveCfg = Debug|Any CPU
		{3F249BAC-F807-4A44-97D2-FB93C79EAF3A}.Debug|Any CPU.Build.0 = Debug|Any CPU
		{3F249BAC-F807-4A44-97D2-FB93C79EAF3A}.Debug|Any CPU.Deploy.0 = Debug|Any CPU
		{3F249BAC-F807-4A44-97D2-FB93C79EAF3A}.Release|Any CPU.ActiveCfg = Release|Any CPU
		{3F249BAC-F807-4A44-97D2-FB93C79EAF3A}.Release|Any CPU.Build.0 = Release|Any CPU
		{3F249BAC-F807-4A44-97D2-FB93C79EAF3A}.Release|Any CPU.Deploy.0 = Release|Any CPU
	EndGlobalSection
	GlobalSection(SolutionProperties) = preSolution
		HideSolutionNode = FALSE
	EndGlobalSection
	GlobalSection(ExtensibilityGlobals) = postSolution
		SolutionGuid = {28ABD88C-162B-4E2B-A166-307A6B84AF38}
	EndGlobalSection
EndGlobal
